
Microsoft Visual Studio Solution File, Format Version 12.00
# Visual Studio Version 16
VisualStudioVersion = 16.0.31729.503
MinimumVisualStudioVersion = 10.0.40219.1
Project("{FAE04EC0-301F-11D3-BF4B-00C04F79EFBC}") = "CourseProjectLosslessCompressionMethods", "CourseProjectLosslessCompressionMethods\CourseProjectLosslessCompressionMethods.csproj", "{2575C687-7601-4EC0-824D-323412025830}"
EndProject
Global
	GlobalSection(SolutionConfigurationPlatforms) = preSolution
		Debug|Any CPU = Debug|Any CPU
		Release|Any CPU = Release|Any CPU
	EndGlobalSection
	GlobalSection(ProjectConfigurationPlatforms) = postSolution
		{2575C687-7601-4EC0-824D-323412025830}.Debug|Any CPU.ActiveCfg = Debug|Any CPU
		{2575C687-7601-4EC0-824D-323412025830}.Debug|Any CPU.Build.0 = Debug|Any CPU
		{2575C687-7601-4EC0-824D-323412025830}.Release|Any CPU.ActiveCfg = Release|Any CPU
		{2575C687-7601-4EC0-824D-323412025830}.Release|Any CPU.Build.0 = Release|Any CPU
	EndGlobalSection
	GlobalSection(SolutionProperties) = preSolution
		HideSolutionNode = FALSE
	EndGlobalSection
	GlobalSection(ExtensibilityGlobals) = postSolution
		SolutionGuid = {C1CA5A14-C996-455F-851B-08DDE7454CEC}
	EndGlobalSection
EndGlobal
